
Microsoft Visual Studio Solution File, Format Version 12.00
# Visual Studio Version 17
VisualStudioVersion = 17.4.33213.308
MinimumVisualStudioVersion = 10.0.40219.1
Project("{9A19103F-16F7-4668-BE54-9A1E7A4F7556}") = "ConsoleClient", "ConsoleClient\ConsoleClient.csproj", "{EA04E27B-C508-49C8-A5AE-552B413F0D54}"
EndProject
Project("{9A19103F-16F7-4668-BE54-9A1E7A4F7556}") = "UnitTests", "UnitTests\UnitTests.csproj", "{147F73A4-D1A1-4FD6-8686-96A22067FF1A}"
EndProject
Project("{9A19103F-16F7-4668-BE54-9A1E7A4F7556}") = "PersonManagement", "PersonManagement\PersonManagement.csproj", "{FF58CA47-2570-4E53-9E6A-ACB8A4524834}"
EndProject
Project("{9A19103F-16F7-4668-BE54-9A1E7A4F7556}") = "DataStoring", "DataStoring\DataStoring.csproj", "{ECF7952E-8DF7-4EFD-95B5-ABA621574400}"
EndProject
Project("{9A19103F-16F7-4668-BE54-9A1E7A4F7556}") = "DataModel", "DataModel\DataModel.csproj", "{23121B34-BD04-44D9-97BB-0E7D7E47FCE1}"
EndProject
Project("{2150E333-8FDC-42A3-9474-1A3956D46DE8}") = "UI", "UI", "{D79B10C4-7AE2-417E-BEF8-79E8C60D0E70}"
EndProject
Project("{2150E333-8FDC-42A3-9474-1A3956D46DE8}") = "Logic", "Logic", "{1F77B609-DF92-4972-8FAE-FCC463AAD4EB}"
EndProject
Project("{2150E333-8FDC-42A3-9474-1A3956D46DE8}") = "Data", "Data", "{F62F4E2F-BC59-4C1A-8791-5C8D9D62EFCB}"
EndProject
Project("{2150E333-8FDC-42A3-9474-1A3956D46DE8}") = "CrossCutting", "CrossCutting", "{5DDFAAFB-9783-4983-837D-0E6790F1DF90}"
EndProject
Project("{FAE04EC0-301F-11D3-BF4B-00C04F79EFBC}") = "WpfClient", "WpfClient\WpfClient.csproj", "{11427C44-C8C3-405C-B251-247CED740157}"
EndProject
Project("{FAE04EC0-301F-11D3-BF4B-00C04F79EFBC}") = "ServiceClient", "ServiceClient\ServiceClient.csproj", "{8B0EFF91-3C86-4E41-9932-FCB983E800E6}"
EndProject
Project("{2150E333-8FDC-42A3-9474-1A3956D46DE8}") = "Infrastructure", "Infrastructure", "{3A1FE67D-0BA1-48EF-AD7A-7FDF080993B3}"
EndProject
Project("{FAE04EC0-301F-11D3-BF4B-00C04F79EFBC}") = "Mappings", "Mappings\Mappings.csproj", "{AB4CCD58-CE3A-4841-8EB7-784892284BAA}"
EndProject
Project("{FAE04EC0-301F-11D3-BF4B-00C04F79EFBC}") = "Configuration", "Configuration\Configuration.csproj", "{EBB412ED-7902-4974-BEEE-329D9DB99CCA}"
EndProject
Global
	GlobalSection(SolutionConfigurationPlatforms) = preSolution
		Debug|Any CPU = Debug|Any CPU
		Release|Any CPU = Release|Any CPU
	EndGlobalSection
	GlobalSection(ProjectConfigurationPlatforms) = postSolution
		{EA04E27B-C508-49C8-A5AE-552B413F0D54}.Debug|Any CPU.ActiveCfg = Debug|Any CPU
		{EA04E27B-C508-49C8-A5AE-552B413F0D54}.Debug|Any CPU.Build.0 = Debug|Any CPU
		{EA04E27B-C508-49C8-A5AE-552B413F0D54}.Release|Any CPU.ActiveCfg = Release|Any CPU
		{EA04E27B-C508-49C8-A5AE-552B413F0D54}.Release|Any CPU.Build.0 = Release|Any CPU
		{147F73A4-D1A1-4FD6-8686-96A22067FF1A}.Debug|Any CPU.ActiveCfg = Debug|Any CPU
		{147F73A4-D1A1-4FD6-8686-96A22067FF1A}.Debug|Any CPU.Build.0 = Debug|Any CPU
		{147F73A4-D1A1-4FD6-8686-96A22067FF1A}.Release|Any CPU.ActiveCfg = Release|Any CPU
		{147F73A4-D1A1-4FD6-8686-96A22067FF1A}.Release|Any CPU.Build.0 = Release|Any CPU
		{FF58CA47-2570-4E53-9E6A-ACB8A4524834}.Debug|Any CPU.ActiveCfg = Debug|Any CPU
		{FF58CA47-2570-4E53-9E6A-ACB8A4524834}.Debug|Any CPU.Build.0 = Debug|Any CPU
		{FF58CA47-2570-4E53-9E6A-ACB8A4524834}.Release|Any CPU.ActiveCfg = Release|Any CPU
		{FF58CA47-2570-4E53-9E6A-ACB8A4524834}.Release|Any CPU.Build.0 = Release|Any CPU
		{ECF7952E-8DF7-4EFD-95B5-ABA621574400}.Debug|Any CPU.ActiveCfg = Debug|Any CPU
		{ECF7952E-8DF7-4EFD-95B5-ABA621574400}.Debug|Any CPU.Build.0 = Debug|Any CPU
		{ECF7952E-8DF7-4EFD-95B5-ABA621574400}.Release|Any CPU.ActiveCfg = Release|Any CPU
		{ECF7952E-8DF7-4EFD-95B5-ABA621574400}.Release|Any CPU.Build.0 = Release|Any CPU
		{23121B34-BD04-44D9-97BB-0E7D7E47FCE1}.Debug|Any CPU.ActiveCfg = Debug|Any CPU
		{23121B34-BD04-44D9-97BB-0E7D7E47FCE1}.Debug|Any CPU.Build.0 = Debug|Any CPU
		{23121B34-BD04-44D9-97BB-0E7D7E47FCE1}.Release|Any CPU.ActiveCfg = Release|Any CPU
		{23121B34-BD04-44D9-97BB-0E7D7E47FCE1}.Release|Any CPU.Build.0 = Release|Any CPU
		{11427C44-C8C3-405C-B251-247CED740157}.Debug|Any CPU.ActiveCfg = Debug|Any CPU
		{11427C44-C8C3-405C-B251-247CED740157}.Debug|Any CPU.Build.0 = Debug|Any CPU
		{11427C44-C8C3-405C-B251-247CED740157}.Release|Any CPU.ActiveCfg = Release|Any CPU
		{11427C44-C8C3-405C-B251-247CED740157}.Release|Any CPU.Build.0 = Release|Any CPU
		{8B0EFF91-3C86-4E41-9932-FCB983E800E6}.Debug|Any CPU.ActiveCfg = Debug|Any CPU
		{8B0EFF91-3C86-4E41-9932-FCB983E800E6}.Debug|Any CPU.Build.0 = Debug|Any CPU
		{8B0EFF91-3C86-4E41-9932-FCB983E800E6}.Release|Any CPU.ActiveCfg = Release|Any CPU
		{8B0EFF91-3C86-4E41-9932-FCB983E800E6}.Release|Any CPU.Build.0 = Release|Any CPU
		{AB4CCD58-CE3A-4841-8EB7-784892284BAA}.Debug|Any CPU.ActiveCfg = Debug|Any CPU
		{AB4CCD58-CE3A-4841-8EB7-784892284BAA}.Debug|Any CPU.Build.0 = Debug|Any CPU
		{AB4CCD58-CE3A-4841-8EB7-784892284BAA}.Release|Any CPU.ActiveCfg = Release|Any CPU
		{AB4CCD58-CE3A-4841-8EB7-784892284BAA}.Release|Any CPU.Build.0 = Release|Any CPU
		{EBB412ED-7902-4974-BEEE-329D9DB99CCA}.Debug|Any CPU.ActiveCfg = Debug|Any CPU
		{EBB412ED-7902-4974-BEEE-329D9DB99CCA}.Debug|Any CPU.Build.0 = Debug|Any CPU
		{EBB412ED-7902-4974-BEEE-329D9DB99CCA}.Release|Any CPU.ActiveCfg = Release|Any CPU
		{EBB412ED-7902-4974-BEEE-329D9DB99CCA}.Release|Any CPU.Build.0 = Release|Any CPU
	EndGlobalSection
	GlobalSection(SolutionProperties) = preSolution
		HideSolutionNode = FALSE
	EndGlobalSection
	GlobalSection(NestedProjects) = preSolution
		{EA04E27B-C508-49C8-A5AE-552B413F0D54} = {D79B10C4-7AE2-417E-BEF8-79E8C60D0E70}
		{FF58CA47-2570-4E53-9E6A-ACB8A4524834} = {1F77B609-DF92-4972-8FAE-FCC463AAD4EB}
		{ECF7952E-8DF7-4EFD-95B5-ABA621574400} = {F62F4E2F-BC59-4C1A-8791-5C8D9D62EFCB}
		{23121B34-BD04-44D9-97BB-0E7D7E47FCE1} = {5DDFAAFB-9783-4983-837D-0E6790F1DF90}
		{11427C44-C8C3-405C-B251-247CED740157} = {D79B10C4-7AE2-417E-BEF8-79E8C60D0E70}
		{8B0EFF91-3C86-4E41-9932-FCB983E800E6} = {D79B10C4-7AE2-417E-BEF8-79E8C60D0E70}
		{AB4CCD58-CE3A-4841-8EB7-784892284BAA} = {3A1FE67D-0BA1-48EF-AD7A-7FDF080993B3}
		{EBB412ED-7902-4974-BEEE-329D9DB99CCA} = {5DDFAAFB-9783-4983-837D-0E6790F1DF90}
	EndGlobalSection
	GlobalSection(ExtensibilityGlobals) = postSolution
		SolutionGuid = {3CECA2C6-C2BC-41EC-834D-723FD4AEBF81}
	EndGlobalSection
EndGlobal
