
Microsoft Visual Studio Solution File, Format Version 12.00
# Visual Studio Version 17
VisualStudioVersion = 17.4.33213.308
MinimumVisualStudioVersion = 10.0.40219.1
Project("{FAE04EC0-301F-11D3-BF4B-00C04F79EFBC}") = "ConsoleClient", "ConsoleClient\ConsoleClient.csproj", "{EA04E27B-C508-49C8-A5AE-552B413F0D54}"
EndProject
Global
	GlobalSection(SolutionConfigurationPlatforms) = preSolution
		Debug|Any CPU = Debug|Any CPU
		Release|Any CPU = Release|Any CPU
	EndGlobalSection
	GlobalSection(ProjectConfigurationPlatforms) = postSolution
		{EA04E27B-C508-49C8-A5AE-552B413F0D54}.Debug|Any CPU.ActiveCfg = Debug|Any CPU
		{EA04E27B-C508-49C8-A5AE-552B413F0D54}.Debug|Any CPU.Build.0 = Debug|Any CPU
		{EA04E27B-C508-49C8-A5AE-552B413F0D54}.Release|Any CPU.ActiveCfg = Release|Any CPU
		{EA04E27B-C508-49C8-A5AE-552B413F0D54}.Release|Any CPU.Build.0 = Release|Any CPU
	EndGlobalSection
	GlobalSection(SolutionProperties) = preSolution
		HideSolutionNode = FALSE
	EndGlobalSection
	GlobalSection(ExtensibilityGlobals) = postSolution
		SolutionGuid = {3CECA2C6-C2BC-41EC-834D-723FD4AEBF81}
	EndGlobalSection
EndGlobal
